
Microsoft Visual Studio Solution File, Format Version 12.00
# Visual Studio Version 16
VisualStudioVersion = 16.0.32802.440
MinimumVisualStudioVersion = 10.0.40219.1
Project("{FAE04EC0-301F-11D3-BF4B-00C04F79EFBC}") = "HRMS", "HRMS\HRMS.csproj", "{0A97B5E2-4185-47E4-9DC9-3677D0660244}"
EndProject
Global
	GlobalSection(SolutionConfigurationPlatforms) = preSolution
		Debug|Any CPU = Debug|Any CPU
		Release|Any CPU = Release|Any CPU
	EndGlobalSection
	GlobalSection(ProjectConfigurationPlatforms) = postSolution
		{0A97B5E2-4185-47E4-9DC9-3677D0660244}.Debug|Any CPU.ActiveCfg = Debug|Any CPU
		{0A97B5E2-4185-47E4-9DC9-3677D0660244}.Debug|Any CPU.Build.0 = Debug|Any CPU
		{0A97B5E2-4185-47E4-9DC9-3677D0660244}.Release|Any CPU.ActiveCfg = Release|Any CPU
		{0A97B5E2-4185-47E4-9DC9-3677D0660244}.Release|Any CPU.Build.0 = Release|Any CPU
	EndGlobalSection
	GlobalSection(SolutionProperties) = preSolution
		HideSolutionNode = FALSE
	EndGlobalSection
	GlobalSection(ExtensibilityGlobals) = postSolution
		SolutionGuid = {C85A339C-DC53-4BB1-BC0A-0759F89B1F71}
	EndGlobalSection
EndGlobal
